
Microsoft Visual Studio Solution File, Format Version 12.00
# Visual Studio Version 17
VisualStudioVersion = 17.4.33213.308
MinimumVisualStudioVersion = 10.0.40219.1
Project("{9A19103F-16F7-4668-BE54-9A1E7A4F7556}") = "ContactsApi.Web", "ContactsApi.Web\ContactsApi.Web.csproj", "{5D503F09-C60C-4E76-BEE8-D3122EA3FD63}"
EndProject
Project("{9A19103F-16F7-4668-BE54-9A1E7A4F7556}") = "ContactsApi.Database", "ContactsApi.Database\ContactsApi.Database.csproj", "{4FCFF0F5-40BA-41A7-B80D-B0DE8128DA72}"
EndProject
Project("{9A19103F-16F7-4668-BE54-9A1E7A4F7556}") = "ContactsApi.Repository", "ContactsApi.Repository\ContactsApi.Repository.csproj", "{D247AD9A-D23C-478D-8718-917CD5369F20}"
EndProject
Project("{FAE04EC0-301F-11D3-BF4B-00C04F79EFBC}") = "ContactsApi.Domain", "ContactsApi.Domain\ContactsApi.Domain.csproj", "{6102DBC9-4DFC-42D6-9BB5-F181C987F2E5}"
EndProject
Project("{FAE04EC0-301F-11D3-BF4B-00C04F79EFBC}") = "ContactsApi.Logic", "ContactsApi.Logic\ContactsApi.Logic.csproj", "{8B6F020F-9A41-4660-A87C-8563A86375F3}"
EndProject
Global
	GlobalSection(SolutionConfigurationPlatforms) = preSolution
		Debug|Any CPU = Debug|Any CPU
		Release|Any CPU = Release|Any CPU
	EndGlobalSection
	GlobalSection(ProjectConfigurationPlatforms) = postSolution
		{5D503F09-C60C-4E76-BEE8-D3122EA3FD63}.Debug|Any CPU.ActiveCfg = Debug|Any CPU
		{5D503F09-C60C-4E76-BEE8-D3122EA3FD63}.Debug|Any CPU.Build.0 = Debug|Any CPU
		{5D503F09-C60C-4E76-BEE8-D3122EA3FD63}.Release|Any CPU.ActiveCfg = Release|Any CPU
		{5D503F09-C60C-4E76-BEE8-D3122EA3FD63}.Release|Any CPU.Build.0 = Release|Any CPU
		{4FCFF0F5-40BA-41A7-B80D-B0DE8128DA72}.Debug|Any CPU.ActiveCfg = Debug|Any CPU
		{4FCFF0F5-40BA-41A7-B80D-B0DE8128DA72}.Debug|Any CPU.Build.0 = Debug|Any CPU
		{4FCFF0F5-40BA-41A7-B80D-B0DE8128DA72}.Release|Any CPU.ActiveCfg = Release|Any CPU
		{4FCFF0F5-40BA-41A7-B80D-B0DE8128DA72}.Release|Any CPU.Build.0 = Release|Any CPU
		{D247AD9A-D23C-478D-8718-917CD5369F20}.Debug|Any CPU.ActiveCfg = Debug|Any CPU
		{D247AD9A-D23C-478D-8718-917CD5369F20}.Debug|Any CPU.Build.0 = Debug|Any CPU
		{D247AD9A-D23C-478D-8718-917CD5369F20}.Release|Any CPU.ActiveCfg = Release|Any CPU
		{D247AD9A-D23C-478D-8718-917CD5369F20}.Release|Any CPU.Build.0 = Release|Any CPU
		{6102DBC9-4DFC-42D6-9BB5-F181C987F2E5}.Debug|Any CPU.ActiveCfg = Debug|Any CPU
		{6102DBC9-4DFC-42D6-9BB5-F181C987F2E5}.Debug|Any CPU.Build.0 = Debug|Any CPU
		{6102DBC9-4DFC-42D6-9BB5-F181C987F2E5}.Release|Any CPU.ActiveCfg = Release|Any CPU
		{6102DBC9-4DFC-42D6-9BB5-F181C987F2E5}.Release|Any CPU.Build.0 = Release|Any CPU
		{8B6F020F-9A41-4660-A87C-8563A86375F3}.Debug|Any CPU.ActiveCfg = Debug|Any CPU
		{8B6F020F-9A41-4660-A87C-8563A86375F3}.Debug|Any CPU.Build.0 = Debug|Any CPU
		{8B6F020F-9A41-4660-A87C-8563A86375F3}.Release|Any CPU.ActiveCfg = Release|Any CPU
		{8B6F020F-9A41-4660-A87C-8563A86375F3}.Release|Any CPU.Build.0 = Release|Any CPU
	EndGlobalSection
	GlobalSection(SolutionProperties) = preSolution
		HideSolutionNode = FALSE
	EndGlobalSection
	GlobalSection(ExtensibilityGlobals) = postSolution
		SolutionGuid = {346D34EB-213E-4217-8210-64E9F95845F5}
	EndGlobalSection
EndGlobal
